
Microsoft Visual Studio Solution File, Format Version 12.00
# Visual Studio Version 17
VisualStudioVersion = 17.7.34009.444
MinimumVisualStudioVersion = 10.0.40219.1
Project("{FAE04EC0-301F-11D3-BF4B-00C04F79EFBC}") = "Ejercicio6_3010746.Android", "Ejercicio6_3010746\Ejercicio6_3010746.Android\Ejercicio6_3010746.Android.csproj", "{B114B0C9-D632-404A-BFDD-A8DF2708D8EF}"
EndProject
Project("{FAE04EC0-301F-11D3-BF4B-00C04F79EFBC}") = "Ejercicio6_3010746", "Ejercicio6_3010746\Ejercicio6_3010746\Ejercicio6_3010746.csproj", "{B1D60959-3548-4758-A365-3479BF64D4D2}"
EndProject
Global
	GlobalSection(SolutionConfigurationPlatforms) = preSolution
		Debug|Any CPU = Debug|Any CPU
		Release|Any CPU = Release|Any CPU
	EndGlobalSection
	GlobalSection(ProjectConfigurationPlatforms) = postSolution
		{B114B0C9-D632-404A-BFDD-A8DF2708D8EF}.Debug|Any CPU.ActiveCfg = Debug|Any CPU
		{B114B0C9-D632-404A-BFDD-A8DF2708D8EF}.Debug|Any CPU.Build.0 = Debug|Any CPU
		{B114B0C9-D632-404A-BFDD-A8DF2708D8EF}.Debug|Any CPU.Deploy.0 = Debug|Any CPU
		{B114B0C9-D632-404A-BFDD-A8DF2708D8EF}.Release|Any CPU.ActiveCfg = Release|Any CPU
		{B114B0C9-D632-404A-BFDD-A8DF2708D8EF}.Release|Any CPU.Build.0 = Release|Any CPU
		{B114B0C9-D632-404A-BFDD-A8DF2708D8EF}.Release|Any CPU.Deploy.0 = Release|Any CPU
		{B1D60959-3548-4758-A365-3479BF64D4D2}.Debug|Any CPU.ActiveCfg = Debug|Any CPU
		{B1D60959-3548-4758-A365-3479BF64D4D2}.Debug|Any CPU.Build.0 = Debug|Any CPU
		{B1D60959-3548-4758-A365-3479BF64D4D2}.Debug|Any CPU.Deploy.0 = Debug|Any CPU
		{B1D60959-3548-4758-A365-3479BF64D4D2}.Release|Any CPU.ActiveCfg = Release|Any CPU
		{B1D60959-3548-4758-A365-3479BF64D4D2}.Release|Any CPU.Build.0 = Release|Any CPU
		{B1D60959-3548-4758-A365-3479BF64D4D2}.Release|Any CPU.Deploy.0 = Release|Any CPU
	EndGlobalSection
	GlobalSection(SolutionProperties) = preSolution
		HideSolutionNode = FALSE
	EndGlobalSection
	GlobalSection(ExtensibilityGlobals) = postSolution
		SolutionGuid = {5C1EBC62-6690-4848-9978-F5E56030258C}
	EndGlobalSection
EndGlobal
